
Microsoft Visual Studio Solution File, Format Version 12.00
# Visual Studio Version 16
VisualStudioVersion = 16.0.30011.22
MinimumVisualStudioVersion = 10.0.40219.1
Project("{FAE04EC0-301F-11D3-BF4B-00C04F79EFBC}") = "AspNetCore_Razor_WithMVC", "AspNetCore_Razor_WithMVC\AspNetCore_Razor_WithMVC.csproj", "{FBD16292-B1BE-4CC8-9503-FB7A8055231C}"
EndProject
Project("{FAE04EC0-301F-11D3-BF4B-00C04F79EFBC}") = "RazorPages_Sample", "RazorPages_Sample\RazorPages_Sample.csproj", "{4CC1CE75-899E-450E-9F36-ED69C7CF84F5}"
EndProject
Global
	GlobalSection(SolutionConfigurationPlatforms) = preSolution
		Debug|Any CPU = Debug|Any CPU
		Release|Any CPU = Release|Any CPU
	EndGlobalSection
	GlobalSection(ProjectConfigurationPlatforms) = postSolution
		{FBD16292-B1BE-4CC8-9503-FB7A8055231C}.Debug|Any CPU.ActiveCfg = Debug|Any CPU
		{FBD16292-B1BE-4CC8-9503-FB7A8055231C}.Debug|Any CPU.Build.0 = Debug|Any CPU
		{FBD16292-B1BE-4CC8-9503-FB7A8055231C}.Release|Any CPU.ActiveCfg = Release|Any CPU
		{FBD16292-B1BE-4CC8-9503-FB7A8055231C}.Release|Any CPU.Build.0 = Release|Any CPU
		{4CC1CE75-899E-450E-9F36-ED69C7CF84F5}.Debug|Any CPU.ActiveCfg = Debug|Any CPU
		{4CC1CE75-899E-450E-9F36-ED69C7CF84F5}.Debug|Any CPU.Build.0 = Debug|Any CPU
		{4CC1CE75-899E-450E-9F36-ED69C7CF84F5}.Release|Any CPU.ActiveCfg = Release|Any CPU
		{4CC1CE75-899E-450E-9F36-ED69C7CF84F5}.Release|Any CPU.Build.0 = Release|Any CPU
	EndGlobalSection
	GlobalSection(SolutionProperties) = preSolution
		HideSolutionNode = FALSE
	EndGlobalSection
	GlobalSection(ExtensibilityGlobals) = postSolution
		SolutionGuid = {13C37BC0-EA8E-4C93-9AB0-8A44F1D245F2}
	EndGlobalSection
EndGlobal
